
Microsoft Visual Studio Solution File, Format Version 12.00
# Visual Studio 15
VisualStudioVersion = 15.0.26228.9
MinimumVisualStudioVersion = 10.0.40219.1
Project("{FAE04EC0-301F-11D3-BF4B-00C04F79EFBC}") = "FestivalScheduler.Client.Windows", "FestivalScheduler.Client.Windows\FestivalScheduler.Client.Windows.csproj", "{73569628-7EC8-4A0F-834D-309798014681}"
EndProject
Project("{2150E333-8FDC-42A3-9474-1A3956D46DE8}") = "Dokumente", "Dokumente", "{6DD50455-2C01-47FE-B86C-D154E7CC4957}"
	ProjectSection(SolutionItems) = preProject
		Doku\MockUpBilder\AddChorFahrt.png = Doku\MockUpBilder\AddChorFahrt.png
		Doku\MockUpBilder\AddFahrt.png = Doku\MockUpBilder\AddFahrt.png
		Doku\AppMock.bmpr = Doku\AppMock.bmpr
		Doku\MockUpBilder\Choere.png = Doku\MockUpBilder\Choere.png
		Doku\MockUpBilder\Chorbetreuer.png = Doku\MockUpBilder\Chorbetreuer.png
		Doku\MockUpBilder\ChorFahrten.png = Doku\MockUpBilder\ChorFahrten.png
		Doku\MockUpBilder\Fahrer.png = Doku\MockUpBilder\Fahrer.png
		Doku\MockUpBilder\Fahrten.png = Doku\MockUpBilder\Fahrten.png
		Doku\MockUp.bmpr = Doku\MockUp.bmpr
		Doku\Personas.docx = Doku\Personas.docx
		Doku\Personas.pdf = Doku\Personas.pdf
		Doku\PersonasNeu.docx = Doku\PersonasNeu.docx
		Doku\PersonasNeu.pdf = Doku\PersonasNeu.pdf
		Doku\Presentation.pptx = Doku\Presentation.pptx
		Doku\UserStories.xlsx = Doku\UserStories.xlsx
	EndProjectSection
EndProject
Project("{FAE04EC0-301F-11D3-BF4B-00C04F79EFBC}") = "FestivalScheduler.Client.Windows.SharedData", "FestivalScheduler.Client.Windows.SharedData\FestivalScheduler.Client.Windows.SharedData.csproj", "{37580C89-4D59-4841-B1B3-A27E5F41803F}"
EndProject
Project("{FAE04EC0-301F-11D3-BF4B-00C04F79EFBC}") = "FestivalScheduler.Client.Windows.Backend", "FestivalScheduler.Client.Windows.Backend\FestivalScheduler.Client.Windows.Backend.csproj", "{05C1F5F7-BC1B-46D9-BAA2-38378C9DFA78}"
EndProject
Global
	GlobalSection(SolutionConfigurationPlatforms) = preSolution
		Ad-Hoc|Any CPU = Ad-Hoc|Any CPU
		Ad-Hoc|ARM = Ad-Hoc|ARM
		Ad-Hoc|iPhone = Ad-Hoc|iPhone
		Ad-Hoc|iPhoneSimulator = Ad-Hoc|iPhoneSimulator
		Ad-Hoc|x64 = Ad-Hoc|x64
		Ad-Hoc|x86 = Ad-Hoc|x86
		AppStore|Any CPU = AppStore|Any CPU
		AppStore|ARM = AppStore|ARM
		AppStore|iPhone = AppStore|iPhone
		AppStore|iPhoneSimulator = AppStore|iPhoneSimulator
		AppStore|x64 = AppStore|x64
		AppStore|x86 = AppStore|x86
		Debug|Any CPU = Debug|Any CPU
		Debug|ARM = Debug|ARM
		Debug|iPhone = Debug|iPhone
		Debug|iPhoneSimulator = Debug|iPhoneSimulator
		Debug|x64 = Debug|x64
		Debug|x86 = Debug|x86
		Release|Any CPU = Release|Any CPU
		Release|ARM = Release|ARM
		Release|iPhone = Release|iPhone
		Release|iPhoneSimulator = Release|iPhoneSimulator
		Release|x64 = Release|x64
		Release|x86 = Release|x86
	EndGlobalSection
	GlobalSection(ProjectConfigurationPlatforms) = postSolution
		{73569628-7EC8-4A0F-834D-309798014681}.Ad-Hoc|Any CPU.ActiveCfg = Release|Any CPU
		{73569628-7EC8-4A0F-834D-309798014681}.Ad-Hoc|Any CPU.Build.0 = Release|Any CPU
		{73569628-7EC8-4A0F-834D-309798014681}.Ad-Hoc|ARM.ActiveCfg = Release|Any CPU
		{73569628-7EC8-4A0F-834D-309798014681}.Ad-Hoc|ARM.Build.0 = Release|Any CPU
		{73569628-7EC8-4A0F-834D-309798014681}.Ad-Hoc|iPhone.ActiveCfg = Release|Any CPU
		{73569628-7EC8-4A0F-834D-309798014681}.Ad-Hoc|iPhone.Build.0 = Release|Any CPU
		{73569628-7EC8-4A0F-834D-309798014681}.Ad-Hoc|iPhoneSimulator.ActiveCfg = Release|Any CPU
		{73569628-7EC8-4A0F-834D-309798014681}.Ad-Hoc|iPhoneSimulator.Build.0 = Release|Any CPU
		{73569628-7EC8-4A0F-834D-309798014681}.Ad-Hoc|x64.ActiveCfg = Release|Any CPU
		{73569628-7EC8-4A0F-834D-309798014681}.Ad-Hoc|x64.Build.0 = Release|Any CPU
		{73569628-7EC8-4A0F-834D-309798014681}.Ad-Hoc|x86.ActiveCfg = Release|Any CPU
		{73569628-7EC8-4A0F-834D-309798014681}.Ad-Hoc|x86.Build.0 = Release|Any CPU
		{73569628-7EC8-4A0F-834D-309798014681}.AppStore|Any CPU.ActiveCfg = Release|Any CPU
		{73569628-7EC8-4A0F-834D-309798014681}.AppStore|Any CPU.Build.0 = Release|Any CPU
		{73569628-7EC8-4A0F-834D-309798014681}.AppStore|ARM.ActiveCfg = Release|Any CPU
		{73569628-7EC8-4A0F-834D-309798014681}.AppStore|ARM.Build.0 = Release|Any CPU
		{73569628-7EC8-4A0F-834D-309798014681}.AppStore|iPhone.ActiveCfg = Release|Any CPU
		{73569628-7EC8-4A0F-834D-309798014681}.AppStore|iPhone.Build.0 = Release|Any CPU
		{73569628-7EC8-4A0F-834D-309798014681}.AppStore|iPhoneSimulator.ActiveCfg = Release|Any CPU
		{73569628-7EC8-4A0F-834D-309798014681}.AppStore|iPhoneSimulator.Build.0 = Release|Any CPU
		{73569628-7EC8-4A0F-834D-309798014681}.AppStore|x64.ActiveCfg = Release|Any CPU
		{73569628-7EC8-4A0F-834D-309798014681}.AppStore|x64.Build.0 = Release|Any CPU
		{73569628-7EC8-4A0F-834D-309798014681}.AppStore|x86.ActiveCfg = Release|Any CPU
		{73569628-7EC8-4A0F-834D-309798014681}.AppStore|x86.Build.0 = Release|Any CPU
		{73569628-7EC8-4A0F-834D-309798014681}.Debug|Any CPU.ActiveCfg = Debug|Any CPU
		{73569628-7EC8-4A0F-834D-309798014681}.Debug|Any CPU.Build.0 = Debug|Any CPU
		{73569628-7EC8-4A0F-834D-309798014681}.Debug|ARM.ActiveCfg = Debug|Any CPU
		{73569628-7EC8-4A0F-834D-309798014681}.Debug|ARM.Build.0 = Debug|Any CPU
		{73569628-7EC8-4A0F-834D-309798014681}.Debug|iPhone.ActiveCfg = Debug|Any CPU
		{73569628-7EC8-4A0F-834D-309798014681}.Debug|iPhone.Build.0 = Debug|Any CPU
		{73569628-7EC8-4A0F-834D-309798014681}.Debug|iPhoneSimulator.ActiveCfg = Debug|Any CPU
		{73569628-7EC8-4A0F-834D-309798014681}.Debug|iPhoneSimulator.Build.0 = Debug|Any CPU
		{73569628-7EC8-4A0F-834D-309798014681}.Debug|x64.ActiveCfg = Debug|Any CPU
		{73569628-7EC8-4A0F-834D-309798014681}.Debug|x64.Build.0 = Debug|Any CPU
		{73569628-7EC8-4A0F-834D-309798014681}.Debug|x86.ActiveCfg = Debug|Any CPU
		{73569628-7EC8-4A0F-834D-309798014681}.Debug|x86.Build.0 = Debug|Any CPU
		{73569628-7EC8-4A0F-834D-309798014681}.Release|Any CPU.ActiveCfg = Release|Any CPU
		{73569628-7EC8-4A0F-834D-309798014681}.Release|Any CPU.Build.0 = Release|Any CPU
		{73569628-7EC8-4A0F-834D-309798014681}.Release|ARM.ActiveCfg = Release|Any CPU
		{73569628-7EC8-4A0F-834D-309798014681}.Release|ARM.Build.0 = Release|Any CPU
		{73569628-7EC8-4A0F-834D-309798014681}.Release|iPhone.ActiveCfg = Release|Any CPU
		{73569628-7EC8-4A0F-834D-309798014681}.Release|iPhone.Build.0 = Release|Any CPU
		{73569628-7EC8-4A0F-834D-309798014681}.Release|iPhoneSimulator.ActiveCfg = Release|Any CPU
		{73569628-7EC8-4A0F-834D-309798014681}.Release|iPhoneSimulator.Build.0 = Release|Any CPU
		{73569628-7EC8-4A0F-834D-309798014681}.Release|x64.ActiveCfg = Release|Any CPU
		{73569628-7EC8-4A0F-834D-309798014681}.Release|x64.Build.0 = Release|Any CPU
		{73569628-7EC8-4A0F-834D-309798014681}.Release|x86.ActiveCfg = Release|Any CPU
		{73569628-7EC8-4A0F-834D-309798014681}.Release|x86.Build.0 = Release|Any CPU
		{37580C89-4D59-4841-B1B3-A27E5F41803F}.Ad-Hoc|Any CPU.ActiveCfg = Release|Any CPU
		{37580C89-4D59-4841-B1B3-A27E5F41803F}.Ad-Hoc|Any CPU.Build.0 = Release|Any CPU
		{37580C89-4D59-4841-B1B3-A27E5F41803F}.Ad-Hoc|ARM.ActiveCfg = Release|Any CPU
		{37580C89-4D59-4841-B1B3-A27E5F41803F}.Ad-Hoc|ARM.Build.0 = Release|Any CPU
		{37580C89-4D59-4841-B1B3-A27E5F41803F}.Ad-Hoc|iPhone.ActiveCfg = Release|Any CPU
		{37580C89-4D59-4841-B1B3-A27E5F41803F}.Ad-Hoc|iPhone.Build.0 = Release|Any CPU
		{37580C89-4D59-4841-B1B3-A27E5F41803F}.Ad-Hoc|iPhoneSimulator.ActiveCfg = Release|Any CPU
		{37580C89-4D59-4841-B1B3-A27E5F41803F}.Ad-Hoc|iPhoneSimulator.Build.0 = Release|Any CPU
		{37580C89-4D59-4841-B1B3-A27E5F41803F}.Ad-Hoc|x64.ActiveCfg = Release|Any CPU
		{37580C89-4D59-4841-B1B3-A27E5F41803F}.Ad-Hoc|x64.Build.0 = Release|Any CPU
		{37580C89-4D59-4841-B1B3-A27E5F41803F}.Ad-Hoc|x86.ActiveCfg = Release|Any CPU
		{37580C89-4D59-4841-B1B3-A27E5F41803F}.Ad-Hoc|x86.Build.0 = Release|Any CPU
		{37580C89-4D59-4841-B1B3-A27E5F41803F}.AppStore|Any CPU.ActiveCfg = Release|Any CPU
		{37580C89-4D59-4841-B1B3-A27E5F41803F}.AppStore|Any CPU.Build.0 = Release|Any CPU
		{37580C89-4D59-4841-B1B3-A27E5F41803F}.AppStore|ARM.ActiveCfg = Release|Any CPU
		{37580C89-4D59-4841-B1B3-A27E5F41803F}.AppStore|ARM.Build.0 = Release|Any CPU
		{37580C89-4D59-4841-B1B3-A27E5F41803F}.AppStore|iPhone.ActiveCfg = Release|Any CPU
		{37580C89-4D59-4841-B1B3-A27E5F41803F}.AppStore|iPhone.Build.0 = Release|Any CPU
		{37580C89-4D59-4841-B1B3-A27E5F41803F}.AppStore|iPhoneSimulator.ActiveCfg = Release|Any CPU
		{37580C89-4D59-4841-B1B3-A27E5F41803F}.AppStore|iPhoneSimulator.Build.0 = Release|Any CPU
		{37580C89-4D59-4841-B1B3-A27E5F41803F}.AppStore|x64.ActiveCfg = Release|Any CPU
		{37580C89-4D59-4841-B1B3-A27E5F41803F}.AppStore|x64.Build.0 = Release|Any CPU
		{37580C89-4D59-4841-B1B3-A27E5F41803F}.AppStore|x86.ActiveCfg = Release|Any CPU
		{37580C89-4D59-4841-B1B3-A27E5F41803F}.AppStore|x86.Build.0 = Release|Any CPU
		{37580C89-4D59-4841-B1B3-A27E5F41803F}.Debug|Any CPU.ActiveCfg = Debug|Any CPU
		{37580C89-4D59-4841-B1B3-A27E5F41803F}.Debug|Any CPU.Build.0 = Debug|Any CPU
		{37580C89-4D59-4841-B1B3-A27E5F41803F}.Debug|ARM.ActiveCfg = Debug|Any CPU
		{37580C89-4D59-4841-B1B3-A27E5F41803F}.Debug|ARM.Build.0 = Debug|Any CPU
		{37580C89-4D59-4841-B1B3-A27E5F41803F}.Debug|iPhone.ActiveCfg = Debug|Any CPU
		{37580C89-4D59-4841-B1B3-A27E5F41803F}.Debug|iPhone.Build.0 = Debug|Any CPU
		{37580C89-4D59-4841-B1B3-A27E5F41803F}.Debug|iPhoneSimulator.ActiveCfg = Debug|Any CPU
		{37580C89-4D59-4841-B1B3-A27E5F41803F}.Debug|iPhoneSimulator.Build.0 = Debug|Any CPU
		{37580C89-4D59-4841-B1B3-A27E5F41803F}.Debug|x64.ActiveCfg = Debug|Any CPU
		{37580C89-4D59-4841-B1B3-A27E5F41803F}.Debug|x64.Build.0 = Debug|Any CPU
		{37580C89-4D59-4841-B1B3-A27E5F41803F}.Debug|x86.ActiveCfg = Debug|Any CPU
		{37580C89-4D59-4841-B1B3-A27E5F41803F}.Debug|x86.Build.0 = Debug|Any CPU
		{37580C89-4D59-4841-B1B3-A27E5F41803F}.Release|Any CPU.ActiveCfg = Release|Any CPU
		{37580C89-4D59-4841-B1B3-A27E5F41803F}.Release|Any CPU.Build.0 = Release|Any CPU
		{37580C89-4D59-4841-B1B3-A27E5F41803F}.Release|ARM.ActiveCfg = Release|Any CPU
		{37580C89-4D59-4841-B1B3-A27E5F41803F}.Release|ARM.Build.0 = Release|Any CPU
		{37580C89-4D59-4841-B1B3-A27E5F41803F}.Release|iPhone.ActiveCfg = Release|Any CPU
		{37580C89-4D59-4841-B1B3-A27E5F41803F}.Release|iPhone.Build.0 = Release|Any CPU
		{37580C89-4D59-4841-B1B3-A27E5F41803F}.Release|iPhoneSimulator.ActiveCfg = Release|Any CPU
		{37580C89-4D59-4841-B1B3-A27E5F41803F}.Release|iPhoneSimulator.Build.0 = Release|Any CPU
		{37580C89-4D59-4841-B1B3-A27E5F41803F}.Release|x64.ActiveCfg = Release|Any CPU
		{37580C89-4D59-4841-B1B3-A27E5F41803F}.Release|x64.Build.0 = Release|Any CPU
		{37580C89-4D59-4841-B1B3-A27E5F41803F}.Release|x86.ActiveCfg = Release|Any CPU
		{37580C89-4D59-4841-B1B3-A27E5F41803F}.Release|x86.Build.0 = Release|Any CPU
		{05C1F5F7-BC1B-46D9-BAA2-38378C9DFA78}.Ad-Hoc|Any CPU.ActiveCfg = Release|Any CPU
		{05C1F5F7-BC1B-46D9-BAA2-38378C9DFA78}.Ad-Hoc|Any CPU.Build.0 = Release|Any CPU
		{05C1F5F7-BC1B-46D9-BAA2-38378C9DFA78}.Ad-Hoc|ARM.ActiveCfg = Release|Any CPU
		{05C1F5F7-BC1B-46D9-BAA2-38378C9DFA78}.Ad-Hoc|ARM.Build.0 = Release|Any CPU
		{05C1F5F7-BC1B-46D9-BAA2-38378C9DFA78}.Ad-Hoc|iPhone.ActiveCfg = Release|Any CPU
		{05C1F5F7-BC1B-46D9-BAA2-38378C9DFA78}.Ad-Hoc|iPhone.Build.0 = Release|Any CPU
		{05C1F5F7-BC1B-46D9-BAA2-38378C9DFA78}.Ad-Hoc|iPhoneSimulator.ActiveCfg = Release|Any CPU
		{05C1F5F7-BC1B-46D9-BAA2-38378C9DFA78}.Ad-Hoc|iPhoneSimulator.Build.0 = Release|Any CPU
		{05C1F5F7-BC1B-46D9-BAA2-38378C9DFA78}.Ad-Hoc|x64.ActiveCfg = Release|Any CPU
		{05C1F5F7-BC1B-46D9-BAA2-38378C9DFA78}.Ad-Hoc|x64.Build.0 = Release|Any CPU
		{05C1F5F7-BC1B-46D9-BAA2-38378C9DFA78}.Ad-Hoc|x86.ActiveCfg = Release|Any CPU
		{05C1F5F7-BC1B-46D9-BAA2-38378C9DFA78}.Ad-Hoc|x86.Build.0 = Release|Any CPU
		{05C1F5F7-BC1B-46D9-BAA2-38378C9DFA78}.AppStore|Any CPU.ActiveCfg = Release|Any CPU
		{05C1F5F7-BC1B-46D9-BAA2-38378C9DFA78}.AppStore|Any CPU.Build.0 = Release|Any CPU
		{05C1F5F7-BC1B-46D9-BAA2-38378C9DFA78}.AppStore|ARM.ActiveCfg = Release|Any CPU
		{05C1F5F7-BC1B-46D9-BAA2-38378C9DFA78}.AppStore|ARM.Build.0 = Release|Any CPU
		{05C1F5F7-BC1B-46D9-BAA2-38378C9DFA78}.AppStore|iPhone.ActiveCfg = Release|Any CPU
		{05C1F5F7-BC1B-46D9-BAA2-38378C9DFA78}.AppStore|iPhone.Build.0 = Release|Any CPU
		{05C1F5F7-BC1B-46D9-BAA2-38378C9DFA78}.AppStore|iPhoneSimulator.ActiveCfg = Release|Any CPU
		{05C1F5F7-BC1B-46D9-BAA2-38378C9DFA78}.AppStore|iPhoneSimulator.Build.0 = Release|Any CPU
		{05C1F5F7-BC1B-46D9-BAA2-38378C9DFA78}.AppStore|x64.ActiveCfg = Release|Any CPU
		{05C1F5F7-BC1B-46D9-BAA2-38378C9DFA78}.AppStore|x64.Build.0 = Release|Any CPU
		{05C1F5F7-BC1B-46D9-BAA2-38378C9DFA78}.AppStore|x86.ActiveCfg = Release|Any CPU
		{05C1F5F7-BC1B-46D9-BAA2-38378C9DFA78}.AppStore|x86.Build.0 = Release|Any CPU
		{05C1F5F7-BC1B-46D9-BAA2-38378C9DFA78}.Debug|Any CPU.ActiveCfg = Debug|Any CPU
		{05C1F5F7-BC1B-46D9-BAA2-38378C9DFA78}.Debug|Any CPU.Build.0 = Debug|Any CPU
		{05C1F5F7-BC1B-46D9-BAA2-38378C9DFA78}.Debug|ARM.ActiveCfg = Debug|Any CPU
		{05C1F5F7-BC1B-46D9-BAA2-38378C9DFA78}.Debug|ARM.Build.0 = Debug|Any CPU
		{05C1F5F7-BC1B-46D9-BAA2-38378C9DFA78}.Debug|iPhone.ActiveCfg = Debug|Any CPU
		{05C1F5F7-BC1B-46D9-BAA2-38378C9DFA78}.Debug|iPhone.Build.0 = Debug|Any CPU
		{05C1F5F7-BC1B-46D9-BAA2-38378C9DFA78}.Debug|iPhoneSimulator.ActiveCfg = Debug|Any CPU
		{05C1F5F7-BC1B-46D9-BAA2-38378C9DFA78}.Debug|iPhoneSimulator.Build.0 = Debug|Any CPU
		{05C1F5F7-BC1B-46D9-BAA2-38378C9DFA78}.Debug|x64.ActiveCfg = Debug|Any CPU
		{05C1F5F7-BC1B-46D9-BAA2-38378C9DFA78}.Debug|x64.Build.0 = Debug|Any CPU
		{05C1F5F7-BC1B-46D9-BAA2-38378C9DFA78}.Debug|x86.ActiveCfg = Debug|Any CPU
		{05C1F5F7-BC1B-46D9-BAA2-38378C9DFA78}.Debug|x86.Build.0 = Debug|Any CPU
		{05C1F5F7-BC1B-46D9-BAA2-38378C9DFA78}.Release|Any CPU.ActiveCfg = Release|Any CPU
		{05C1F5F7-BC1B-46D9-BAA2-38378C9DFA78}.Release|Any CPU.Build.0 = Release|Any CPU
		{05C1F5F7-BC1B-46D9-BAA2-38378C9DFA78}.Release|ARM.ActiveCfg = Release|Any CPU
		{05C1F5F7-BC1B-46D9-BAA2-38378C9DFA78}.Release|ARM.Build.0 = Release|Any CPU
		{05C1F5F7-BC1B-46D9-BAA2-38378C9DFA78}.Release|iPhone.ActiveCfg = Release|Any CPU
		{05C1F5F7-BC1B-46D9-BAA2-38378C9DFA78}.Release|iPhone.Build.0 = Release|Any CPU
		{05C1F5F7-BC1B-46D9-BAA2-38378C9DFA78}.Release|iPhoneSimulator.ActiveCfg = Release|Any CPU
		{05C1F5F7-BC1B-46D9-BAA2-38378C9DFA78}.Release|iPhoneSimulator.Build.0 = Release|Any CPU
		{05C1F5F7-BC1B-46D9-BAA2-38378C9DFA78}.Release|x64.ActiveCfg = Release|Any CPU
		{05C1F5F7-BC1B-46D9-BAA2-38378C9DFA78}.Release|x64.Build.0 = Release|Any CPU
		{05C1F5F7-BC1B-46D9-BAA2-38378C9DFA78}.Release|x86.ActiveCfg = Release|Any CPU
		{05C1F5F7-BC1B-46D9-BAA2-38378C9DFA78}.Release|x86.Build.0 = Release|Any CPU
	EndGlobalSection
	GlobalSection(SolutionProperties) = preSolution
		HideSolutionNode = FALSE
	EndGlobalSection
	GlobalSection(ExtensibilityGlobals) = postSolution
		SolutionGuid = {A79BF7CE-5874-4CF6-B1B4-9016699ED772}
	EndGlobalSection
EndGlobal
